GEM
  remote: https://rubygems.org/
  specs:
    picoruby-cloudflare-template (0.1.0.rc4)
      rake (~> 13.0)
    rake (13.4.2)

PLATFORMS
  arm64-darwin-25
  ruby

DEPENDENCIES
  picoruby-cloudflare-template (~> 0.1.0.rc4)

CHECKSUMS
  picoruby-cloudflare-template (0.1.0.rc4) sha256=e55b9baba22f1e64b4a7363ec2c1f632331bf8b22912901dc738bbfe9818c560
  rake (13.4.2) sha256=cb825b2bd5f1f8e91ca37bddb4b9aaf345551b4731da62949be002fa89283701

BUNDLED WITH
  4.0.6
